// !$*UTF8*$!
{
	archiveVersion = 1;
	classes = {
	};
	objectVersion = 55;
	objects = {

/* Begin PBXBuildFile section */
		F9CB5BB228279E1B00F5F6D5 /* BookWormApp.swift in Sources */ = {isa = PBXBuildFile; fileRef = F9CB5BB128279E1B00F5F6D5 /* BookWormApp.swift */; };
		F9CB5BB428279E1B00F5F6D5 /* ContentView.swift in Sources */ = {isa = PBXBuildFile; fileRef = F9CB5BB328279E1B00F5F6D5 /* ContentView.swift */; };
		F9CB5BB628279E1D00F5F6D5 /* Assets.xcassets in Resources */ = {isa = PBXBuildFile; fileRef = F9CB5BB528279E1D00F5F6D5 /* Assets.xcassets */; };
		F9CB5BB928279E1D00F5F6D5 /* Preview Assets.xcassets in Resources */ = {isa = PBXBuildFile; fileRef = F9CB5BB828279E1D00F5F6D5 /* Preview Assets.xcassets */; };
		F9CB5BC328279E1D00F5F6D5 /* BookWormTests.swift in Sources */ = {isa = PBXBuildFile; fileRef = F9CB5BC228279E1D00F5F6D5 /* BookWormTests.swift */; };
		F9CB5BCD28279E1D00F5F6D5 /* BookWormUITests.swift in Sources */ = {isa = PBXBuildFile; fileRef = F9CB5BCC28279E1D00F5F6D5 /* BookWormUITests.swift */; };
		F9CB5BCF28279E1D00F5F6D5 /* BookWormUITestsLaunchTests.swift in Sources */ = {isa = PBXBuildFile; fileRef = F9CB5BCE28279E1D00F5F6D5 /* BookWormUITestsLaunchTests.swift */; };
/* End PBXBuildFile section */

/* Begin PBXContainerItemProxy section */
		F9CB5BBF28279E1D00F5F6D5 /* PBXContainerItemProxy */ = {
			isa = PBXContainerItemProxy;
			containerPortal = F9CB5BA628279E1B00F5F6D5 /* Project object */;
			proxyType = 1;
			remoteGlobalIDString = F9CB5BAD28279E1B00F5F6D5;
			remoteInfo = BookWorm;
		};
		F9CB5BC928279E1D00F5F6D5 /* PBXContainerItemProxy */ = {
			isa = PBXContainerItemProxy;
			containerPortal = F9CB5BA628279E1B00F5F6D5 /* Project object */;
			proxyType = 1;
			remoteGlobalIDString = F9CB5BAD28279E1B00F5F6D5;
			remoteInfo = BookWorm;
		};
/* End PBXContainerItemProxy section */

/* Begin PBXFileReference section */
		F9CB5BAE28279E1B00F5F6D5 /* BookWorm.app */ = {isa = PBXFileReference; explicitFileType = wrapper.application; includeInIndex = 0; path = BookWorm.app; sourceTree = BUILT_PRODUCTS_DIR; };
		F9CB5BB128279E1B00F5F6D5 /* BookWormApp.swift */ = {isa = PBXFileReference; lastKnownFileType = sourcecode.swift; path = BookWormApp.swift; sourceTree = "<group>"; };
		F9CB5BB328279E1B00F5F6D5 /* ContentView.swift */ = {isa = PBXFileReference; lastKnownFileType = sourcecode.swift; path = ContentView.swift; sourceTree = "<group>"; };
		F9CB5BB528279E1D00F5F6D5 /* Assets.xcassets */ = {isa = PBXFileReference; lastKnownFileType = folder.assetcatalog; path = Assets.xcassets; sourceTree = "<group>"; };
		F9CB5BB828279E1D00F5F6D5 /* Preview Assets.xcassets */ = {isa = PBXFileReference; lastKnownFileType = folder.assetcatalog; path = "Preview Assets.xcassets"; sourceTree = "<group>"; };
		F9CB5BBE28279E1D00F5F6D5 /* BookWormTests.xctest */ = {isa = PBXFileReference; explicitFileType = wrapper.cfbundle; includeInIndex = 0; path = BookWormTests.xctest; sourceTree = BUILT_PRODUCTS_DIR; };
		F9CB5BC228279E1D00F5F6D5 /* BookWormTests.swift */ = {isa = PBXFileReference; lastKnownFileType = sourcecode.swift; path = BookWormTests.swift; sourceTree = "<group>"; };
		F9CB5BC828279E1D00F5F6D5 /* BookWormUITests.xctest */ = {isa = PBXFileReference; explicitFileType = wrapper.cfbundle; includeInIndex = 0; path = BookWormUITests.xctest; sourceTree = BUILT_PRODUCTS_DIR; };
		F9CB5BCC28279E1D00F5F6D5 /* BookWormUITests.swift */ = {isa = PBXFileReference; lastKnownFileType = sourcecode.swift; path = BookWormUITests.swift; sourceTree = "<group>"; };
		F9CB5BCE28279E1D00F5F6D5 /* BookWormUITestsLaunchTests.swift */ = {isa = PBXFileReference; lastKnownFileType = sourcecode.swift; path = BookWormUITestsLaunchTests.swift; sourceTree = "<group>"; };
/* End PBXFileReference section */

/* Begin PBXFrameworksBuildPhase section */
		F9CB5BAB28279E1B00F5F6D5 /* Frameworks */ = {
			isa = PBXFrameworksBuildPhase;
			buildActionMask = 2147483647;
			files = (
			);
			runOnlyForDeploymentPostprocessing = 0;
		};
		F9CB5BBB28279E1D00F5F6D5 /* Frameworks */ = {
			isa = PBXFrameworksBuildPhase;
			buildActionMask = 2147483647;
			files = (
			);
			runOnlyForDeploymentPostprocessing = 0;
		};
		F9CB5BC528279E1D00F5F6D5 /* Frameworks */ = {
			isa = PBXFrameworksBuildPhase;
			buildActionMask = 2147483647;
			files = (
			);
			runOnlyForDeploymentPostprocessing = 0;
		};
/* End PBXFrameworksBuildPhase section */

/* Begin PBXGroup section */
		F9CB5BA528279E1B00F5F6D5 = {
			isa = PBXGroup;
			children = (
				F9CB5BB028279E1B00F5F6D5 /* BookWorm */,
				F9CB5BC128279E1D00F5F6D5 /* BookWormTests */,
				F9CB5BCB28279E1D00F5F6D5 /* BookWormUITests */,
				F9CB5BAF28279E1B00F5F6D5 /* Products */,
			);
			sourceTree = "<group>";
		};
		F9CB5BAF28279E1B00F5F6D5 /* Products */ = {
			isa = PBXGroup;
			children = (
				F9CB5BAE28279E1B00F5F6D5 /* BookWorm.app */,
				F9CB5BBE28279E1D00F5F6D5 /* BookWormTests.xctest */,
				F9CB5BC828279E1D00F5F6D5 /* BookWormUITests.xctest */,
			);
			name = Products;
			sourceTree = "<group>";
		};
		F9CB5BB028279E1B00F5F6D5 /* BookWorm */ = {
			isa = PBXGroup;
			children = (
				F9CB5BB128279E1B00F5F6D5 /* BookWormApp.swift */,
				F9CB5BB328279E1B00F5F6D5 /* ContentView.swift */,
				F9CB5BB528279E1D00F5F6D5 /* Assets.xcassets */,
				F9CB5BB728279E1D00F5F6D5 /* Preview Content */,
			);
			path = BookWorm;
			sourceTree = "<group>";
		};
		F9CB5BB728279E1D00F5F6D5 /* Preview Content */ = {
			isa = PBXGroup;
			children = (
				F9CB5BB828279E1D00F5F6D5 /* Preview Assets.xcassets */,
			);
			path = "Preview Content";
			sourceTree = "<group>";
		};
		F9CB5BC128279E1D00F5F6D5 /* BookWormTests */ = {
			isa = PBXGroup;
			children = (
				F9CB5BC228279E1D00F5F6D5 /* BookWormTests.swift */,
			);
			path = BookWormTests;
			sourceTree = "<group>";
		};
		F9CB5BCB28279E1D00F5F6D5 /* BookWormUITests */ = {
			isa = PBXGroup;
			children = (
				F9CB5BCC28279E1D00F5F6D5 /* BookWormUITests.swift */,
				F9CB5BCE28279E1D00F5F6D5 /* BookWormUITestsLaunchTests.swift */,
			);
			path = BookWormUITests;
			sourceTree = "<group>";
		};
/* End PBXGroup section */

/* Begin PBXNativeTarget section */
		F9CB5BAD28279E1B00F5F6D5 /* BookWorm */ = {
			isa = PBXNativeTarget;
			buildConfigurationList = F9CB5BD228279E1D00F5F6D5 /* Build configuration list for PBXNativeTarget "BookWorm" */;
			buildPhases = (
				F9CB5BAA28279E1B00F5F6D5 /* Sources */,
				F9CB5BAB28279E1B00F5F6D5 /* Frameworks */,
				F9CB5BAC28279E1B00F5F6D5 /* Resources */,
			);
			buildRules = (
			);
			dependencies = (
			);
			name = BookWorm;
			productName = BookWorm;
			productReference = F9CB5BAE28279E1B00F5F6D5 /* BookWorm.app */;
			productType = "com.apple.product-type.application";
		};
		F9CB5BBD28279E1D00F5F6D5 /* BookWormTests */ = {
			isa = PBXNativeTarget;
			buildConfigurationList = F9CB5BD528279E1D00F5F6D5 /* Build configuration list for PBXNativeTarget "BookWormTests" */;
			buildPhases = (
				F9CB5BBA28279E1D00F5F6D5 /* Sources */,
				F9CB5BBB28279E1D00F5F6D5 /* Frameworks */,
				F9CB5BBC28279E1D00F5F6D5 /* Resources */,
			);
			buildRules = (
			);
			dependencies = (
				F9CB5BC028279E1D00F5F6D5 /* PBXTargetDependency */,
			);
			name = BookWormTests;
			productName = BookWormTests;
			productReference = F9CB5BBE28279E1D00F5F6D5 /* BookWormTests.xctest */;
			productType = "com.apple.product-type.bundle.unit-test";
		};
		F9CB5BC728279E1D00F5F6D5 /* BookWormUITests */ = {
			isa = PBXNativeTarget;
			buildConfigurationList = F9CB5BD828279E1D00F5F6D5 /* Build configuration list for PBXNativeTarget "BookWormUITests" */;
			buildPhases = (
				F9CB5BC428279E1D00F5F6D5 /* Sources */,
				F9CB5BC528279E1D00F5F6D5 /* Frameworks */,
				F9CB5BC628279E1D00F5F6D5 /* Resources */,
			);
			buildRules = (
			);
			dependencies = (
				F9CB5BCA28279E1D00F5F6D5 /* PBXTargetDependency */,
			);
			name = BookWormUITests;
			productName = BookWormUITests;
			productReference = F9CB5BC828279E1D00F5F6D5 /* BookWormUITests.xctest */;
			productType = "com.apple.product-type.bundle.ui-testing";
		};
/* End PBXNativeTarget section */

/* Begin PBXProject section */
		F9CB5BA628279E1B00F5F6D5 /* Project object */ = {
			isa = PBXProject;
			attributes = {
				BuildIndependentTargetsInParallel = 1;
				LastSwiftUpdateCheck = 1330;
				LastUpgradeCheck = 1330;
				TargetAttributes = {
					F9CB5BAD28279E1B00F5F6D5 = {
						CreatedOnToolsVersion = 13.3;
					};
					F9CB5BBD28279E1D00F5F6D5 = {
						CreatedOnToolsVersion = 13.3;
						TestTargetID = F9CB5BAD28279E1B00F5F6D5;
					};
					F9CB5BC728279E1D00F5F6D5 = {
						CreatedOnToolsVersion = 13.3;
						TestTargetID = F9CB5BAD28279E1B00F5F6D5;
					};
				};
			};
			buildConfigurationList = F9CB5BA928279E1B00F5F6D5 /* Build configuration list for PBXProject "BookWorm" */;
			compatibilityVersion = "Xcode 13.0";
			developmentRegion = en;
			hasScannedForEncodings = 0;
			knownRegions = (
				en,
				Base,
			);
			mainGroup = F9CB5BA528279E1B00F5F6D5;
			productRefGroup = F9CB5BAF28279E1B00F5F6D5 /* Products */;
			projectDirPath = "";
			projectRoot = "";
			targets = (
				F9CB5BAD28279E1B00F5F6D5 /* BookWorm */,
				F9CB5BBD28279E1D00F5F6D5 /* BookWormTests */,
				F9CB5BC728279E1D00F5F6D5 /* BookWormUITests */,
			);
		};
/* End PBXProject section */

/* Begin PBXResourcesBuildPhase section */
		F9CB5BAC28279E1B00F5F6D5 /* Resources */ = {
			isa = PBXResourcesBuildPhase;
			buildActionMask = 2147483647;
			files = (
				F9CB5BB928279E1D00F5F6D5 /* Preview Assets.xcassets in Resources */,
				F9CB5BB628279E1D00F5F6D5 /* Assets.xcassets in Resources */,
			);
			runOnlyForDeploymentPostprocessing = 0;
		};
		F9CB5BBC28279E1D00F5F6D5 /* Resources */ = {
			isa = PBXResourcesBuildPhase;
			buildActionMask = 2147483647;
			files = (
			);
			runOnlyForDeploymentPostprocessing = 0;
		};
		F9CB5BC628279E1D00F5F6D5 /* Resources */ = {
			isa = PBXResourcesBuildPhase;
			buildActionMask = 2147483647;
			files = (
			);
			runOnlyForDeploymentPostprocessing = 0;
		};
/* End PBXResourcesBuildPhase section */

/* Begin PBXSourcesBuildPhase section */
		F9CB5BAA28279E1B00F5F6D5 /* Sources */ = {
			isa = PBXSourcesBuildPhase;
			buildActionMask = 2147483647;
			files = (
				F9CB5BB428279E1B00F5F6D5 /* ContentView.swift in Sources */,
				F9CB5BB228279E1B00F5F6D5 /* BookWormApp.swift in Sources */,
			);
			runOnlyForDeploymentPostprocessing = 0;
		};
		F9CB5BBA28279E1D00F5F6D5 /* Sources */ = {
			isa = PBXSourcesBuildPhase;
			buildActionMask = 2147483647;
			files = (
				F9CB5BC328279E1D00F5F6D5 /* BookWormTests.swift in Sources */,
			);
			runOnlyForDeploymentPostprocessing = 0;
		};
		F9CB5BC428279E1D00F5F6D5 /* Sources */ = {
			isa = PBXSourcesBuildPhase;
			buildActionMask = 2147483647;
			files = (
				F9CB5BCF28279E1D00F5F6D5 /* BookWormUITestsLaunchTests.swift in Sources */,
				F9CB5BCD28279E1D00F5F6D5 /* BookWormUITests.swift in Sources */,
			);
			runOnlyForDeploymentPostprocessing = 0;
		};
/* End PBXSourcesBuildPhase section */

/* Begin PBXTargetDependency section */
		F9CB5BC028279E1D00F5F6D5 /* PBXTargetDependency */ = {
			isa = PBXTargetDependency;
			target = F9CB5BAD28279E1B00F5F6D5 /* BookWorm */;
			targetProxy = F9CB5BBF28279E1D00F5F6D5 /* PBXContainerItemProxy */;
		};
		F9CB5BCA28279E1D00F5F6D5 /* PBXTargetDependency */ = {
			isa = PBXTargetDependency;
			target = F9CB5BAD28279E1B00F5F6D5 /* BookWorm */;
			targetProxy = F9CB5BC928279E1D00F5F6D5 /* PBXContainerItemProxy */;
		};
/* End PBXTargetDependency section */

/* Begin XCBuildConfiguration section */
		F9CB5BD028279E1D00F5F6D5 /* Debug */ = {
			isa = XCBuildConfiguration;
			buildSettings = {
				ALWAYS_SEARCH_USER_PATHS = NO;
				CLANG_ANALYZER_NONNULL = YES;
				CLANG_ANALYZER_NUMBER_OBJECT_CONVERSION = YES_AGGRESSIVE;
				CLANG_CXX_LANGUAGE_STANDARD = "gnu++17";
				CLANG_ENABLE_MODULES = YES;
				CLANG_ENABLE_OBJC_ARC = YES;
				CLANG_ENABLE_OBJC_WEAK = YES;
				CLANG_WARN_BLOCK_CAPTURE_AUTORELEASING = YES;
				CLANG_WARN_BOOL_CONVERSION = YES;
				CLANG_WARN_COMMA = YES;
				CLANG_WARN_CONSTANT_CONVERSION = YES;
				CLANG_WARN_DEPRECATED_OBJC_IMPLEMENTATIONS = YES;
				CLANG_WARN_DIRECT_OBJC_ISA_USAGE = YES_ERROR;
				CLANG_WARN_DOCUMENTATION_COMMENTS = YES;
				CLANG_WARN_EMPTY_BODY = YES;
				CLANG_WARN_ENUM_CONVERSION = YES;
				CLANG_WARN_INFINITE_RECURSION = YES;
				CLANG_WARN_INT_CONVERSION = YES;
				CLANG_WARN_NON_LITERAL_NULL_CONVERSION = YES;
				CLANG_WARN_OBJC_IMPLICIT_RETAIN_SELF = YES;
				CLANG_WARN_OBJC_LITERAL_CONVERSION = YES;
				CLANG_WARN_OBJC_ROOT_CLASS = YES_ERROR;
				CLANG_WARN_QUOTED_INCLUDE_IN_FRAMEWORK_HEADER = YES;
				CLANG_WARN_RANGE_LOOP_ANALYSIS = YES;
				CLANG_WARN_STRICT_PROTOTYPES = YES;
				CLANG_WARN_SUSPICIOUS_MOVE = YES;
				CLANG_WARN_UNGUARDED_AVAILABILITY = YES_AGGRESSIVE;
				CLANG_WARN_UNREACHABLE_CODE = YES;
				CLANG_WARN__DUPLICATE_METHOD_MATCH = YES;
				COPY_PHASE_STRIP = NO;
				DEBUG_INFORMATION_FORMAT = dwarf;
				ENABLE_STRICT_OBJC_MSGSEND = YES;
				ENABLE_TESTABILITY = YES;
				GCC_C_LANGUAGE_STANDARD = gnu11;
				GCC_DYNAMIC_NO_PIC = NO;
				GCC_NO_COMMON_BLOCKS = YES;
				GCC_OPTIMIZATION_LEVEL = 0;
				GCC_PREPROCESSOR_DEFINITIONS = (
					"DEBUG=1",
					"$(inherited)",
				);
				GCC_WARN_64_TO_32_BIT_CONVERSION = YES;
				GCC_WARN_ABOUT_RETURN_TYPE = YES_ERROR;
				GCC_WARN_UNDECLARED_SELECTOR = YES;
				GCC_WARN_UNINITIALIZED_AUTOS = YES_AGGRESSIVE;
				GCC_WARN_UNUSED_FUNCTION = YES;
				GCC_WARN_UNUSED_VARIABLE = YES;
				IPHONEOS_DEPLOYMENT_TARGET = 15.4;
				MTL_ENABLE_DEBUG_INFO = INCLUDE_SOURCE;
				MTL_FAST_MATH = YES;
				ONLY_ACTIVE_ARCH = YES;
				SDKROOT = iphoneos;
				SWIFT_ACTIVE_COMPILATION_CONDITIONS = DEBUG;
				SWIFT_OPTIMIZATION_LEVEL = "-Onone";
			};
			name = Debug;
		};
		F9CB5BD128279E1D00F5F6D5 /* Release */ = {
			isa = XCBuildConfiguration;
			buildSettings = {
				ALWAYS_SEARCH_USER_PATHS = NO;
				CLANG_ANALYZER_NONNULL = YES;
				CLANG_ANALYZER_NUMBER_OBJECT_CONVERSION = YES_AGGRESSIVE;
				CLANG_CXX_LANGUAGE_STANDARD = "gnu++17";
				CLANG_ENABLE_MODULES = YES;
				CLANG_ENABLE_OBJC_ARC = YES;
				CLANG_ENABLE_OBJC_WEAK = YES;
				CLANG_WARN_BLOCK_CAPTURE_AUTORELEASING = YES;
				CLANG_WARN_BOOL_CONVERSION = YES;
				CLANG_WARN_COMMA = YES;
				CLANG_WARN_CONSTANT_CONVERSION = YES;
				CLANG_WARN_DEPRECATED_OBJC_IMPLEMENTATIONS = YES;
				CLANG_WARN_DIRECT_OBJC_ISA_USAGE = YES_ERROR;
				CLANG_WARN_DOCUMENTATION_COMMENTS = YES;
				CLANG_WARN_EMPTY_BODY = YES;
				CLANG_WARN_ENUM_CONVERSION = YES;
				CLANG_WARN_INFINITE_RECURSION = YES;
				CLANG_WARN_INT_CONVERSION = YES;
				CLANG_WARN_NON_LITERAL_NULL_CONVERSION = YES;
				CLANG_WARN_OBJC_IMPLICIT_RETAIN_SELF = YES;
				CLANG_WARN_OBJC_LITERAL_CONVERSION = YES;
				CLANG_WARN_OBJC_ROOT_CLASS = YES_ERROR;
				CLANG_WARN_QUOTED_INCLUDE_IN_FRAMEWORK_HEADER = YES;
				CLANG_WARN_RANGE_LOOP_ANALYSIS = YES;
				CLANG_WARN_STRICT_PROTOTYPES = YES;
				CLANG_WARN_SUSPICIOUS_MOVE = YES;
				CLANG_WARN_UNGUARDED_AVAILABILITY = YES_AGGRESSIVE;
				CLANG_WARN_UNREACHABLE_CODE = YES;
				CLANG_WARN__DUPLICATE_METHOD_MATCH = YES;
				COPY_PHASE_STRIP = NO;
				DEBUG_INFORMATION_FORMAT = "dwarf-with-dsym";
				ENABLE_NS_ASSERTIONS = NO;
				ENABLE_STRICT_OBJC_MSGSEND = YES;
				GCC_C_LANGUAGE_STANDARD = gnu11;
				GCC_NO_COMMON_BLOCKS = YES;
				GCC_WARN_64_TO_32_BIT_CONVERSION = YES;
				GCC_WARN_ABOUT_RETURN_TYPE = YES_ERROR;
				GCC_WARN_UNDECLARED_SELECTOR = YES;
				GCC_WARN_UNINITIALIZED_AUTOS = YES_AGGRESSIVE;
				GCC_WARN_UNUSED_FUNCTION = YES;
				GCC_WARN_UNUSED_VARIABLE = YES;
				IPHONEOS_DEPLOYMENT_TARGET = 15.4;
				MTL_ENABLE_DEBUG_INFO = NO;
				MTL_FAST_MATH = YES;
				SDKROOT = iphoneos;
				SWIFT_COMPILATION_MODE = wholemodule;
				SWIFT_OPTIMIZATION_LEVEL = "-O";
				VALIDATE_PRODUCT = YES;
			};
			name = Release;
		};
		F9CB5BD328279E1D00F5F6D5 /* Debug */ = {
			isa = XCBuildConfiguration;
			buildSettings = {
				ASSETCATALOG_COMPILER_APPICON_NAME = AppIcon;
				ASSETCATALOG_COMPILER_GLOBAL_ACCENT_COLOR_NAME = AccentColor;
				CODE_SIGN_STYLE = Automatic;
				CURRENT_PROJECT_VERSION = 1;
				DEVELOPMENT_ASSET_PATHS = "\"BookWorm/Preview Content\"";
				ENABLE_PREVIEWS = YES;
				GENERATE_INFOPLIST_FILE = YES;
				INFOPLIST_KEY_UIApplicationSceneManifest_Generation = YES;
				INFOPLIST_KEY_UIApplicationSupportsIndirectInputEvents = YES;
				INFOPLIST_KEY_UILaunchScreen_Generation = YES;
				INFOPLIST_KEY_UISupportedInterfaceOrientations_iPad = "UIInterfaceOrientationPortrait UIInterfaceOrientationPortraitUpsideDown UIInterfaceOrientationLandscapeLeft UIInterfaceOrientationLandscapeRight";
				INFOPLIST_KEY_UISupportedInterfaceOrientations_iPhone = "UIInterfaceOrientationPortrait UIInterfaceOrientationLandscapeLeft UIInterfaceOrientationLandscapeRight";
				LD_RUNPATH_SEARCH_PATHS = (
					"$(inherited)",
					"@executable_path/Frameworks",
				);
				MARKETING_VERSION = 1.0;
				PRODUCT_BUNDLE_IDENTIFIER = com.takasur.BookWorm;
				PRODUCT_NAME = "$(TARGET_NAME)";
				SWIFT_EMIT_LOC_STRINGS = YES;
				SWIFT_VERSION = 5.0;
				TARGETED_DEVICE_FAMILY = "1,2";
			};
			name = Debug;
		};
		F9CB5BD428279E1D00F5F6D5 /* Release */ = {
			isa = XCBuildConfiguration;
			buildSettings = {
				ASSETCATALOG_COMPILER_APPICON_NAME = AppIcon;
				ASSETCATALOG_COMPILER_GLOBAL_ACCENT_COLOR_NAME = AccentColor;
				CODE_SIGN_STYLE = Automatic;
				CURRENT_PROJECT_VERSION = 1;
				DEVELOPMENT_ASSET_PATHS = "\"BookWorm/Preview Content\"";
				ENABLE_PREVIEWS = YES;
				GENERATE_INFOPLIST_FILE = YES;
				INFOPLIST_KEY_UIApplicationSceneManifest_Generation = YES;
				INFOPLIST_KEY_UIApplicationSupportsIndirectInputEvents = YES;
				INFOPLIST_KEY_UILaunchScreen_Generation = YES;
				INFOPLIST_KEY_UISupportedInterfaceOrientations_iPad = "UIInterfaceOrientationPortrait UIInterfaceOrientationPortraitUpsideDown UIInterfaceOrientationLandscapeLeft UIInterfaceOrientationLandscapeRight";
				INFOPLIST_KEY_UISupportedInterfaceOrientations_iPhone = "UIInterfaceOrientationPortrait UIInterfaceOrientationLandscapeLeft UIInterfaceOrientationLandscapeRight";
				LD_RUNPATH_SEARCH_PATHS = (
					"$(inherited)",
					"@executable_path/Frameworks",
				);
				MARKETING_VERSION = 1.0;
				PRODUCT_BUNDLE_IDENTIFIER = com.takasur.BookWorm;
				PRODUCT_NAME = "$(TARGET_NAME)";
				SWIFT_EMIT_LOC_STRINGS = YES;
				SWIFT_VERSION = 5.0;
				TARGETED_DEVICE_FAMILY = "1,2";
			};
			name = Release;
		};
		F9CB5BD628279E1D00F5F6D5 /* Debug */ = {
			isa = XCBuildConfiguration;
			buildSettings = {
				ALWAYS_EMBED_SWIFT_STANDARD_LIBRARIES = YES;
				BUNDLE_LOADER = "$(TEST_HOST)";
				CODE_SIGN_STYLE = Automatic;
				CURRENT_PROJECT_VERSION = 1;
				GENERATE_INFOPLIST_FILE = YES;
				IPHONEOS_DEPLOYMENT_TARGET = 15.4;
				MARKETING_VERSION = 1.0;
				PRODUCT_BUNDLE_IDENTIFIER = com.takasur.BookWormTests;
				PRODUCT_NAME = "$(TARGET_NAME)";
				SWIFT_EMIT_LOC_STRINGS = NO;
				SWIFT_VERSION = 5.0;
				TARGETED_DEVICE_FAMILY = "1,2";
				TEST_HOST = "$(BUILT_PRODUCTS_DIR)/BookWorm.app/BookWorm";
			};
			name = Debug;
		};
		F9CB5BD728279E1D00F5F6D5 /* Release */ = {
			isa = XCBuildConfiguration;
			buildSettings = {
				ALWAYS_EMBED_SWIFT_STANDARD_LIBRARIES = YES;
				BUNDLE_LOADER = "$(TEST_HOST)";
				CODE_SIGN_STYLE = Automatic;
				CURRENT_PROJECT_VERSION = 1;
				GENERATE_INFOPLIST_FILE = YES;
				IPHONEOS_DEPLOYMENT_TARGET = 15.4;
				MARKETING_VERSION = 1.0;
				PRODUCT_BUNDLE_IDENTIFIER = com.takasur.BookWormTests;
				PRODUCT_NAME = "$(TARGET_NAME)";
				SWIFT_EMIT_LOC_STRINGS = NO;
				SWIFT_VERSION = 5.0;
				TARGETED_DEVICE_FAMILY = "1,2";
				TEST_HOST = "$(BUILT_PRODUCTS_DIR)/BookWorm.app/BookWorm";
			};
			name = Release;
		};
		F9CB5BD928279E1D00F5F6D5 /* Debug */ = {
			isa = XCBuildConfiguration;
			buildSettings = {
				ALWAYS_EMBED_SWIFT_STANDARD_LIBRARIES = YES;
				CODE_SIGN_STYLE = Automatic;
				CURRENT_PROJECT_VERSION = 1;
				GENERATE_INFOPLIST_FILE = YES;
				MARKETING_VERSION = 1.0;
				PRODUCT_BUNDLE_IDENTIFIER = com.takasur.BookWormUITests;
				PRODUCT_NAME = "$(TARGET_NAME)";
				SWIFT_EMIT_LOC_STRINGS = NO;
				SWIFT_VERSION = 5.0;
				TARGETED_DEVICE_FAMILY = "1,2";
				TEST_TARGET_NAME = BookWorm;
			};
			name = Debug;
		};
		F9CB5BDA28279E1D00F5F6D5 /* Release */ = {
			isa = XCBuildConfiguration;
			buildSettings = {
				ALWAYS_EMBED_SWIFT_STANDARD_LIBRARIES = YES;
				CODE_SIGN_STYLE = Automatic;
				CURRENT_PROJECT_VERSION = 1;
				GENERATE_INFOPLIST_FILE = YES;
				MARKETING_VERSION = 1.0;
				PRODUCT_BUNDLE_IDENTIFIER = com.takasur.BookWormUITests;
				PRODUCT_NAME = "$(TARGET_NAME)";
				SWIFT_EMIT_LOC_STRINGS = NO;
				SWIFT_VERSION = 5.0;
				TARGETED_DEVICE_FAMILY = "1,2";
				TEST_TARGET_NAME = BookWorm;
			};
			name = Release;
		};
/* End XCBuildConfiguration section */

/* Begin XCConfigurationList section */
		F9CB5BA928279E1B00F5F6D5 /* Build configuration list for PBXProject "BookWorm" */ = {
			isa = XCConfigurationList;
			buildConfigurations = (
				F9CB5BD028279E1D00F5F6D5 /* Debug */,
				F9CB5BD128279E1D00F5F6D5 /* Release */,
			);
			defaultConfigurationIsVisible = 0;
			defaultConfigurationName = Release;
		};
		F9CB5BD228279E1D00F5F6D5 /* Build configuration list for PBXNativeTarget "BookWorm" */ = {
			isa = XCConfigurationList;
			buildConfigurations = (
				F9CB5BD328279E1D00F5F6D5 /* Debug */,
				F9CB5BD428279E1D00F5F6D5 /* Release */,
			);
			defaultConfigurationIsVisible = 0;
			defaultConfigurationName = Release;
		};
		F9CB5BD528279E1D00F5F6D5 /* Build configuration list for PBXNativeTarget "BookWormTests" */ = {
			isa = XCConfigurationList;
			buildConfigurations = (
				F9CB5BD628279E1D00F5F6D5 /* Debug */,
				F9CB5BD728279E1D00F5F6D5 /* Release */,
			);
			defaultConfigurationIsVisible = 0;
			defaultConfigurationName = Release;
		};
		F9CB5BD828279E1D00F5F6D5 /* Build configuration list for PBXNativeTarget "BookWormUITests" */ = {
			isa = XCConfigurationList;
			buildConfigurations = (
				F9CB5BD928279E1D00F5F6D5 /* Debug */,
				F9CB5BDA28279E1D00F5F6D5 /* Release */,
			);
			defaultConfigurationIsVisible = 0;
			defaultConfigurationName = Release;
		};
/* End XCConfigurationList section */
	};
	rootObject = F9CB5BA628279E1B00F5F6D5 /* Project object */;
}
